
Microsoft Visual Studio Solution File, Format Version 12.00
# Visual Studio Version 17
VisualStudioVersion = 17.8.34316.72
MinimumVisualStudioVersion = 10.0.40219.1
Project("{FAE04EC0-301F-11D3-BF4B-00C04F79EFBC}") = "console-trabalho", "console-trabalho\console-trabalho.csproj", "{C8AB88A3-2B00-4C84-B7AA-8E044E1D1271}"
EndProject
Global
	GlobalSection(SolutionConfigurationPlatforms) = preSolution
		Debug|Any CPU = Debug|Any CPU
		Release|Any CPU = Release|Any CPU
	EndGlobalSection
	GlobalSection(ProjectConfigurationPlatforms) = postSolution
		{C8AB88A3-2B00-4C84-B7AA-8E044E1D1271}.Debug|Any CPU.ActiveCfg = Debug|Any CPU
		{C8AB88A3-2B00-4C84-B7AA-8E044E1D1271}.Debug|Any CPU.Build.0 = Debug|Any CPU
		{C8AB88A3-2B00-4C84-B7AA-8E044E1D1271}.Release|Any CPU.ActiveCfg = Release|Any CPU
		{C8AB88A3-2B00-4C84-B7AA-8E044E1D1271}.Release|Any CPU.Build.0 = Release|Any CPU
	EndGlobalSection
	GlobalSection(SolutionProperties) = preSolution
		HideSolutionNode = FALSE
	EndGlobalSection
	GlobalSection(ExtensibilityGlobals) = postSolution
		SolutionGuid = {A6238F69-A174-4B5E-A643-3AD29AAB4019}
	EndGlobalSection
EndGlobal
